// !$*UTF8*$!
{
	archiveVersion = 1;
	classes = {
	};
	objectVersion = 46;
	objects = {

/* Begin PBXBuildFile section */
		99095BBC1AADAA980077187C /* main.m in Sources */ = {isa = PBXBuildFile; fileRef = 99095BBB1AADAA980077187C /* main.m */; };
		99095BBF1AADAA980077187C /* AppDelegate.m in Sources */ = {isa = PBXBuildFile; fileRef = 99095BBE1AADAA980077187C /* AppDelegate.m */; };
		99095BC21AADAA980077187C /* ViewController.m in Sources */ = {isa = PBXBuildFile; fileRef = 99095BC11AADAA980077187C /* ViewController.m */; };
		99095BC51AADAA980077187C /* Main.storyboard in Resources */ = {isa = PBXBuildFile; fileRef = 99095BC31AADAA980077187C /* Main.storyboard */; };
		99095BC71AADAA980077187C /* Images.xcassets in Resources */ = {isa = PBXBuildFile; fileRef = 99095BC61AADAA980077187C /* Images.xcassets */; };
		99095BCA1AADAA980077187C /* LaunchScreen.xib in Resources */ = {isa = PBXBuildFile; fileRef = 99095BC81AADAA980077187C /* LaunchScreen.xib */; };
		99095BD61AADAA980077187C /* TestDemoTests.m in Sources */ = {isa = PBXBuildFile; fileRef = 99095BD51AADAA980077187C /* TestDemoTests.m */; };
/* End PBXBuildFile section */

/* Begin PBXContainerItemProxy section */
		99095BD01AADAA980077187C /* PBXContainerItemProxy */ = {
			isa = PBXContainerItemProxy;
			containerPortal = 99095BAE1AADAA980077187C /* Project object */;
			proxyType = 1;
			remoteGlobalIDString = 99095BB51AADAA980077187C;
			remoteInfo = TestDemo;
		};
/* End PBXContainerItemProxy section */

/* Begin PBXFileReference section */
		99095BB61AADAA980077187C /* TestDemo.app */ = {isa = PBXFileReference; explicitFileType = wrapper.application; includeInIndex = 0; path = TestDemo.app; sourceTree = BUILT_PRODUCTS_DIR; };
		99095BBA1AADAA980077187C /* Info.plist */ = {isa = PBXFileReference; lastKnownFileType = text.plist.xml; path = Info.plist; sourceTree = "<group>"; };
		99095BBB1AADAA980077187C /* main.m */ = {isa = PBXFileReference; lastKnownFileType = sourcecode.c.objc; path = main.m; sourceTree = "<group>"; };
		99095BBD1AADAA980077187C /* AppDelegate.h */ = {isa = PBXFileReference; lastKnownFileType = sourcecode.c.h; path = AppDelegate.h; sourceTree = "<group>"; };
		99095BBE1AADAA980077187C /* AppDelegate.m */ = {isa = PBXFileReference; lastKnownFileType = sourcecode.c.objc; path = AppDelegate.m; sourceTree = "<group>"; };
		99095BC01AADAA980077187C /* ViewController.h */ = {isa = PBXFileReference; lastKnownFileType = sourcecode.c.h; path = ViewController.h; sourceTree = "<group>"; };
		99095BC11AADAA980077187C /* ViewController.m */ = {isa = PBXFileReference; lastKnownFileType = sourcecode.c.objc; path = ViewController.m; sourceTree = "<group>"; };
		99095BC41AADAA980077187C /* Base */ = {isa = PBXFileReference; lastKnownFileType = file.storyboard; name = Base; path = Base.lproj/Main.storyboard; sourceTree = "<group>"; };
		99095BC61AADAA980077187C /* Images.xcassets */ = {isa = PBXFileReference; lastKnownFileType = folder.assetcatalog; path = Images.xcassets; sourceTree = "<group>"; };
		99095BC91AADAA980077187C /* Base */ = {isa = PBXFileReference; lastKnownFileType = file.xib; name = Base; path = Base.lproj/LaunchScreen.xib; sourceTree = "<group>"; };
		99095BCF1AADAA980077187C /* TestDemoTests.xctest */ = {isa = PBXFileReference; explicitFileType = wrapper.cfbundle; includeInIndex = 0; path = TestDemoTests.xctest; sourceTree = BUILT_PRODUCTS_DIR; };
		99095BD41AADAA980077187C /* Info.plist */ = {isa = PBXFileReference; lastKnownFileType = text.plist.xml; path = Info.plist; sourceTree = "<group>"; };
		99095BD51AADAA980077187C /* TestDemoTests.m */ = {isa = PBXFileReference; lastKnownFileType = sourcecode.c.objc; path = TestDemoTests.m; sourceTree = "<group>"; };
/* End PBXFileReference section */

/* Begin PBXFrameworksBuildPhase section */
		99095BB31AADAA980077187C /* Frameworks */ = {
			isa = PBXFrameworksBuildPhase;
			buildActionMask = 2147483647;
			files = (
			);
			runOnlyForDeploymentPostprocessing = 0;
		};
		99095BCC1AADAA980077187C /* Frameworks */ = {
			isa = PBXFrameworksBuildPhase;
			buildActionMask = 2147483647;
			files = (
			);
			runOnlyForDeploymentPostprocessing = 0;
		};
/* End PBXFrameworksBuildPhase section */

/* Begin PBXGroup section */
		99095BAD1AADAA980077187C = {
			isa = PBXGroup;
			children = (
				99095BB81AADAA980077187C /* TestDemo */,
				99095BD21AADAA980077187C /* TestDemoTests */,
				99095BB71AADAA980077187C /* Products */,
			);
			sourceTree = "<group>";
		};
		99095BB71AADAA980077187C /* Products */ = {
			isa = PBXGroup;
			children = (
				99095BB61AADAA980077187C /* TestDemo.app */,
				99095BCF1AADAA980077187C /* TestDemoTests.xctest */,
			);
			name = Products;
			sourceTree = "<group>";
		};
		99095BB81AADAA980077187C /* TestDemo */ = {
			isa = PBXGroup;
			children = (
				99095BBD1AADAA980077187C /* AppDelegate.h */,
				99095BBE1AADAA980077187C /* AppDelegate.m */,
				99095BC01AADAA980077187C /* ViewController.h */,
				99095BC11AADAA980077187C /* ViewController.m */,
				99095BC31AADAA980077187C /* Main.storyboard */,
				99095BC61AADAA980077187C /* Images.xcassets */,
				99095BC81AADAA980077187C /* LaunchScreen.xib */,
				99095BB91AADAA980077187C /* Supporting Files */,
			);
			path = TestDemo;
			sourceTree = "<group>";
		};
		99095BB91AADAA980077187C /* Supporting Files */ = {
			isa = PBXGroup;
			children = (
				99095BBA1AADAA980077187C /* Info.plist */,
				99095BBB1AADAA980077187C /* main.m */,
			);
			name = "Supporting Files";
			sourceTree = "<group>";
		};
		99095BD21AADAA980077187C /* TestDemoTests */ = {
			isa = PBXGroup;
			children = (
				99095BD51AADAA980077187C /* TestDemoTests.m */,
				99095BD31AADAA980077187C /* Supporting Files */,
			);
			path = TestDemoTests;
			sourceTree = "<group>";
		};
		99095BD31AADAA980077187C /* Supporting Files */ = {
			isa = PBXGroup;
			children = (
				99095BD41AADAA980077187C /* Info.plist */,
			);
			name = "Supporting Files";
			sourceTree = "<group>";
		};
/* End PBXGroup section */

/* Begin PBXNativeTarget section */
		99095BB51AADAA980077187C /* TestDemo */ = {
			isa = PBXNativeTarget;
			buildConfigurationList = 99095BD91AADAA980077187C /* Build configuration list for PBXNativeTarget "TestDemo" */;
			buildPhases = (
				99095BB21AADAA980077187C /* Sources */,
				99095BB31AADAA980077187C /* Frameworks */,
				99095BB41AADAA980077187C /* Resources */,
			);
			buildRules = (
			);
			dependencies = (
			);
			name = TestDemo;
			productName = TestDemo;
			productReference = 99095BB61AADAA980077187C /* TestDemo.app */;
			productType = "com.apple.product-type.application";
		};
		99095BCE1AADAA980077187C /* TestDemoTests */ = {
			isa = PBXNativeTarget;
			buildConfigurationList = 99095BDC1AADAA980077187C /* Build configuration list for PBXNativeTarget "TestDemoTests" */;
			buildPhases = (
				99095BCB1AADAA980077187C /* Sources */,
				99095BCC1AADAA980077187C /* Frameworks */,
				99095BCD1AADAA980077187C /* Resources */,
			);
			buildRules = (
			);
			dependencies = (
				99095BD11AADAA980077187C /* PBXTargetDependency */,
			);
			name = TestDemoTests;
			productName = TestDemoTests;
			productReference = 99095BCF1AADAA980077187C /* TestDemoTests.xctest */;
			productType = "com.apple.product-type.bundle.unit-test";
		};
/* End PBXNativeTarget section */

/* Begin PBXProject section */
		99095BAE1AADAA980077187C /* Project object */ = {
			isa = PBXProject;
			attributes = {
				LastUpgradeCheck = 0610;
				ORGANIZATIONNAME = YAAB;
				TargetAttributes = {
					99095BB51AADAA980077187C = {
						CreatedOnToolsVersion = 6.1;
					};
					99095BCE1AADAA980077187C = {
						CreatedOnToolsVersion = 6.1;
						TestTargetID = 99095BB51AADAA980077187C;
					};
				};
			};
			buildConfigurationList = 99095BB11AADAA980077187C /* Build configuration list for PBXProject "TestDemo" */;
			compatibilityVersion = "Xcode 3.2";
			developmentRegion = English;
			hasScannedForEncodings = 0;
			knownRegions = (
				en,
				Base,
			);
			mainGroup = 99095BAD1AADAA980077187C;
			productRefGroup = 99095BB71AADAA980077187C /* Products */;
			projectDirPath = "";
			projectRoot = "";
			targets = (
				99095BB51AADAA980077187C /* TestDemo */,
				99095BCE1AADAA980077187C /* TestDemoTests */,
			);
		};
/* End PBXProject section */

/* Begin PBXResourcesBuildPhase section */
		99095BB41AADAA980077187C /* Resources */ = {
			isa = PBXResourcesBuildPhase;
			buildActionMask = 2147483647;
			files = (
				99095BC51AADAA980077187C /* Main.storyboard in Resources */,
				99095BCA1AADAA980077187C /* LaunchScreen.xib in Resources */,
				99095BC71AADAA980077187C /* Images.xcassets in Resources */,
			);
			runOnlyForDeploymentPostprocessing = 0;
		};
		99095BCD1AADAA980077187C /* Resources */ = {
			isa = PBXResourcesBuildPhase;
			buildActionMask = 2147483647;
			files = (
			);
			runOnlyForDeploymentPostprocessing = 0;
		};
/* End PBXResourcesBuildPhase section */

/* Begin PBXSourcesBuildPhase section */
		99095BB21AADAA980077187C /* Sources */ = {
			isa = PBXSourcesBuildPhase;
			buildActionMask = 2147483647;
			files = (
				99095BC21AADAA980077187C /* ViewController.m in Sources */,
				99095BBF1AADAA980077187C /* AppDelegate.m in Sources */,
				99095BBC1AADAA980077187C /* main.m in Sources */,
			);
			runOnlyForDeploymentPostprocessing = 0;
		};
		99095BCB1AADAA980077187C /* Sources */ = {
			isa = PBXSourcesBuildPhase;
			buildActionMask = 2147483647;
			files = (
				99095BD61AADAA980077187C /* TestDemoTests.m in Sources */,
			);
			runOnlyForDeploymentPostprocessing = 0;
		};
/* End PBXSourcesBuildPhase section */

/* Begin PBXTargetDependency section */
		99095BD11AADAA980077187C /* PBXTargetDependency */ = {
			isa = PBXTargetDependency;
			target = 99095BB51AADAA980077187C /* TestDemo */;
			targetProxy = 99095BD01AADAA980077187C /* PBXContainerItemProxy */;
		};
/* End PBXTargetDependency section */

/* Begin PBXVariantGroup section */
		99095BC31AADAA980077187C /* Main.storyboard */ = {
			isa = PBXVariantGroup;
			children = (
				99095BC41AADAA980077187C /* Base */,
			);
			name = Main.storyboard;
			sourceTree = "<group>";
		};
		99095BC81AADAA980077187C /* LaunchScreen.xib */ = {
			isa = PBXVariantGroup;
			children = (
				99095BC91AADAA980077187C /* Base */,
			);
			name = LaunchScreen.xib;
			sourceTree = "<group>";
		};
/* End PBXVariantGroup section */

/* Begin XCBuildConfiguration section */
		99095BD71AADAA980077187C /* Debug */ = {
			isa = XCBuildConfiguration;
			buildSettings = {
				ALWAYS_SEARCH_USER_PATHS = NO;
				CLANG_CXX_LANGUAGE_STANDARD = "gnu++0x";
				CLANG_CXX_LIBRARY = "libc++";
				CLANG_ENABLE_MODULES = YES;
				CLANG_ENABLE_OBJC_ARC = YES;
				CLANG_WARN_BOOL_CONVERSION = YES;
				CLANG_WARN_CONSTANT_CONVERSION = YES;
				CLANG_WARN_DIRECT_OBJC_ISA_USAGE = YES_ERROR;
				CLANG_WARN_EMPTY_BODY = YES;
				CLANG_WARN_ENUM_CONVERSION = YES;
				CLANG_WARN_INT_CONVERSION = YES;
				CLANG_WARN_OBJC_ROOT_CLASS = YES_ERROR;
				CLANG_WARN_UNREACHABLE_CODE = YES;
				CLANG_WARN__DUPLICATE_METHOD_MATCH = YES;
				"CODE_SIGN_IDENTITY[sdk=iphoneos*]" = "iPhone Developer";
				COPY_PHASE_STRIP = NO;
				ENABLE_STRICT_OBJC_MSGSEND = YES;
				GCC_C_LANGUAGE_STANDARD = gnu99;
				GCC_DYNAMIC_NO_PIC = NO;
				GCC_OPTIMIZATION_LEVEL = 0;
				GCC_PREPROCESSOR_DEFINITIONS = (
					"DEBUG=1",
					"$(inherited)",
				);
				GCC_SYMBOLS_PRIVATE_EXTERN = NO;
				GCC_WARN_64_TO_32_BIT_CONVERSION = YES;
				GCC_WARN_ABOUT_RETURN_TYPE = YES_ERROR;
				GCC_WARN_UNDECLARED_SELECTOR = YES;
				GCC_WARN_UNINITIALIZED_AUTOS = YES_AGGRESSIVE;
				GCC_WARN_UNUSED_FUNCTION = YES;
				GCC_WARN_UNUSED_VARIABLE = YES;
				IPHONEOS_DEPLOYMENT_TARGET = 8.1;
				MTL_ENABLE_DEBUG_INFO = YES;
				ONLY_ACTIVE_ARCH = YES;
				SDKROOT = iphoneos;
			};
			name = Debug;
		};
		99095BD81AADAA980077187C /* Release */ = {
			isa = XCBuildConfiguration;
			buildSettings = {
				ALWAYS_SEARCH_USER_PATHS = NO;
				CLANG_CXX_LANGUAGE_STANDARD = "gnu++0x";
				CLANG_CXX_LIBRARY = "libc++";
				CLANG_ENABLE_MODULES = YES;
				CLANG_ENABLE_OBJC_ARC = YES;
				CLANG_WARN_BOOL_CONVERSION = YES;
				CLANG_WARN_CONSTANT_CONVERSION = YES;
				CLANG_WARN_DIRECT_OBJC_ISA_USAGE = YES_ERROR;
				CLANG_WARN_EMPTY_BODY = YES;
				CLANG_WARN_ENUM_CONVERSION = YES;
				CLANG_WARN_INT_CONVERSION = YES;
				CLANG_WARN_OBJC_ROOT_CLASS = YES_ERROR;
				CLANG_WARN_UNREACHABLE_CODE = YES;
				CLANG_WARN__DUPLICATE_METHOD_MATCH = YES;
				"CODE_SIGN_IDENTITY[sdk=iphoneos*]" = "iPhone Developer";
				COPY_PHASE_STRIP = YES;
				ENABLE_NS_ASSERTIONS = NO;
				ENABLE_STRICT_OBJC_MSGSEND = YES;
				GCC_C_LANGUAGE_STANDARD = gnu99;
				GCC_WARN_64_TO_32_BIT_CONVERSION = YES;
				GCC_WARN_ABOUT_RETURN_TYPE = YES_ERROR;
				GCC_WARN_UNDECLARED_SELECTOR = YES;
				GCC_WARN_UNINITIALIZED_AUTOS = YES_AGGRESSIVE;
				GCC_WARN_UNUSED_FUNCTION = YES;
				GCC_WARN_UNUSED_VARIABLE = YES;
				IPHONEOS_DEPLOYMENT_TARGET = 8.1;
				MTL_ENABLE_DEBUG_INFO = NO;
				SDKROOT = iphoneos;
				VALIDATE_PRODUCT = YES;
			};
			name = Release;
		};
		99095BDA1AADAA980077187C /* Debug */ = {
			isa = XCBuildConfiguration;
			buildSettings = {
				ASSETCATALOG_COMPILER_APPICON_NAME = AppIcon;
				INFOPLIST_FILE = TestDemo/Info.plist;
				LD_RUNPATH_SEARCH_PATHS = "$(inherited) @executable_path/Frameworks";
				PRODUCT_NAME = "$(TARGET_NAME)";
			};
			name = Debug;
		};
		99095BDB1AADAA980077187C /* Release */ = {
			isa = XCBuildConfiguration;
			buildSettings = {
				ASSETCATALOG_COMPILER_APPICON_NAME = AppIcon;
				INFOPLIST_FILE = TestDemo/Info.plist;
				LD_RUNPATH_SEARCH_PATHS = "$(inherited) @executable_path/Frameworks";
				PRODUCT_NAME = "$(TARGET_NAME)";
			};
			name = Release;
		};
		99095BDD1AADAA980077187C /* Debug */ = {
			isa = XCBuildConfiguration;
			buildSettings = {
				BUNDLE_LOADER = "$(TEST_HOST)";
				FRAMEWORK_SEARCH_PATHS = (
					"$(SDKROOT)/Developer/Library/Frameworks",
					"$(inherited)",
				);
				GCC_PREPROCESSOR_DEFINITIONS = (
					"DEBUG=1",
					"$(inherited)",
				);
				INFOPLIST_FILE = TestDemoTests/Info.plist;
				LD_RUNPATH_SEARCH_PATHS = "$(inherited) @executable_path/Frameworks @loader_path/Frameworks";
				PRODUCT_NAME = "$(TARGET_NAME)";
				TEST_HOST = "$(BUILT_PRODUCTS_DIR)/TestDemo.app/TestDemo";
			};
			name = Debug;
		};
		99095BDE1AADAA980077187C /* Release */ = {
			isa = XCBuildConfiguration;
			buildSettings = {
				BUNDLE_LOADER = "$(TEST_HOST)";
				FRAMEWORK_SEARCH_PATHS = (
					"$(SDKROOT)/Developer/Library/Frameworks",
					"$(inherited)",
				);
				INFOPLIST_FILE = TestDemoTests/Info.plist;
				LD_RUNPATH_SEARCH_PATHS = "$(inherited) @executable_path/Frameworks @loader_path/Frameworks";
				PRODUCT_NAME = "$(TARGET_NAME)";
				TEST_HOST = "$(BUILT_PRODUCTS_DIR)/TestDemo.app/TestDemo";
			};
			name = Release;
		};
/* End XCBuildConfiguration section */

/* Begin XCConfigurationList section */
		99095BB11AADAA980077187C /* Build configuration list for PBXProject "TestDemo" */ = {
			isa = XCConfigurationList;
			buildConfigurations = (
				99095BD71AADAA980077187C /* Debug */,
				99095BD81AADAA980077187C /* Release */,
			);
			defaultConfigurationIsVisible = 0;
			defaultConfigurationName = Release;
		};
		99095BD91AADAA980077187C /* Build configuration list for PBXNativeTarget "TestDemo" */ = {
			isa = XCConfigurationList;
			buildConfigurations = (
				99095BDA1AADAA980077187C /* Debug */,
				99095BDB1AADAA980077187C /* Release */,
			);
			defaultConfigurationIsVisible = 0;
		};
		99095BDC1AADAA980077187C /* Build configuration list for PBXNativeTarget "TestDemoTests" */ = {
			isa = XCConfigurationList;
			buildConfigurations = (
				99095BDD1AADAA980077187C /* Debug */,
				99095BDE1AADAA980077187C /* Release */,
			);
			defaultConfigurationIsVisible = 0;
		};
/* End XCConfigurationList section */
	};
	rootObject = 99095BAE1AADAA980077187C /* Project object */;
}
